// !$*UTF8*$!
{
	archiveVersion = 1;
	classes = {
	};
	objectVersion = 50;
	objects = {

/* Begin PBXBuildFile section */
		9B6DDF3D22A2C29800456609 /* ResumeViewModel.swift in Sources */ = {isa = PBXBuildFile; fileRef = 9B6DDF3C22A2C29800456609 /* ResumeViewModel.swift */; };
		9B6DDF4022A2C9CB00456609 /* ExperienceViewModel.swift in Sources */ = {isa = PBXBuildFile; fileRef = 9B6DDF3F22A2C9CB00456609 /* ExperienceViewModel.swift */; };
		9B6DDF4222A2E11000456609 /* SkillsViewModel.swift in Sources */ = {isa = PBXBuildFile; fileRef = 9B6DDF4122A2E11000456609 /* SkillsViewModel.swift */; };
		9B6DDF4522A363CB00456609 /* ExperienceTableCell.swift in Sources */ = {isa = PBXBuildFile; fileRef = 9B6DDF4422A363CB00456609 /* ExperienceTableCell.swift */; };
		9B6DDF4722A4195A00456609 /* ExperienceDetailController.swift in Sources */ = {isa = PBXBuildFile; fileRef = 9B6DDF4622A4195A00456609 /* ExperienceDetailController.swift */; };
		9B6DDF4922A41E7300456609 /* ExperienceDetailTableCell.swift in Sources */ = {isa = PBXBuildFile; fileRef = 9B6DDF4822A41E7300456609 /* ExperienceDetailTableCell.swift */; };
		9B6DDF4C22A430EB00456609 /* HelperFunctions.swift in Sources */ = {isa = PBXBuildFile; fileRef = 9B6DDF4B22A430EB00456609 /* HelperFunctions.swift */; };
		9BB0601222A20CA9006622B0 /* AppDelegate.swift in Sources */ = {isa = PBXBuildFile; fileRef = 9BB0601122A20CA9006622B0 /* AppDelegate.swift */; };
		9BB0601422A20CA9006622B0 /* ViewController.swift in Sources */ = {isa = PBXBuildFile; fileRef = 9BB0601322A20CA9006622B0 /* ViewController.swift */; };
		9BB0601922A20CAC006622B0 /* Assets.xcassets in Resources */ = {isa = PBXBuildFile; fileRef = 9BB0601822A20CAC006622B0 /* Assets.xcassets */; };
		9BB0601C22A20CAC006622B0 /* LaunchScreen.storyboard in Resources */ = {isa = PBXBuildFile; fileRef = 9BB0601A22A20CAC006622B0 /* LaunchScreen.storyboard */; };
		9BB0602422A20DA6006622B0 /* ResumesAPI.swift in Sources */ = {isa = PBXBuildFile; fileRef = 9BB0602322A20DA6006622B0 /* ResumesAPI.swift */; };
		9BB0602822A2117A006622B0 /* ResumeDataModel.swift in Sources */ = {isa = PBXBuildFile; fileRef = 9BB0602722A2117A006622B0 /* ResumeDataModel.swift */; };
/* End PBXBuildFile section */

/* Begin PBXFileReference section */
		9B6DDF3C22A2C29800456609 /* ResumeViewModel.swift */ = {isa = PBXFileReference; lastKnownFileType = sourcecode.swift; path = ResumeViewModel.swift; sourceTree = "<group>"; };
		9B6DDF3F22A2C9CB00456609 /* ExperienceViewModel.swift */ = {isa = PBXFileReference; lastKnownFileType = sourcecode.swift; path = ExperienceViewModel.swift; sourceTree = "<group>"; };
		9B6DDF4122A2E11000456609 /* SkillsViewModel.swift */ = {isa = PBXFileReference; lastKnownFileType = sourcecode.swift; path = SkillsViewModel.swift; sourceTree = "<group>"; };
		9B6DDF4422A363CB00456609 /* ExperienceTableCell.swift */ = {isa = PBXFileReference; lastKnownFileType = sourcecode.swift; path = ExperienceTableCell.swift; sourceTree = "<group>"; };
		9B6DDF4622A4195A00456609 /* ExperienceDetailController.swift */ = {isa = PBXFileReference; lastKnownFileType = sourcecode.swift; path = ExperienceDetailController.swift; sourceTree = "<group>"; };
		9B6DDF4822A41E7300456609 /* ExperienceDetailTableCell.swift */ = {isa = PBXFileReference; lastKnownFileType = sourcecode.swift; path = ExperienceDetailTableCell.swift; sourceTree = "<group>"; };
		9B6DDF4B22A430EB00456609 /* HelperFunctions.swift */ = {isa = PBXFileReference; lastKnownFileType = sourcecode.swift; path = HelperFunctions.swift; sourceTree = "<group>"; };
		9BB0600E22A20CA9006622B0 /* HKBankTest.app */ = {isa = PBXFileReference; explicitFileType = wrapper.application; includeInIndex = 0; path = HKBankTest.app; sourceTree = BUILT_PRODUCTS_DIR; };
		9BB0601122A20CA9006622B0 /* AppDelegate.swift */ = {isa = PBXFileReference; lastKnownFileType = sourcecode.swift; path = AppDelegate.swift; sourceTree = "<group>"; };
		9BB0601322A20CA9006622B0 /* ViewController.swift */ = {isa = PBXFileReference; lastKnownFileType = sourcecode.swift; path = ViewController.swift; sourceTree = "<group>"; };
		9BB0601822A20CAC006622B0 /* Assets.xcassets */ = {isa = PBXFileReference; lastKnownFileType = folder.assetcatalog; path = Assets.xcassets; sourceTree = "<group>"; };
		9BB0601B22A20CAC006622B0 /* Base */ = {isa = PBXFileReference; lastKnownFileType = file.storyboard; name = Base; path = Base.lproj/LaunchScreen.storyboard; sourceTree = "<group>"; };
		9BB0601D22A20CAC006622B0 /* Info.plist */ = {isa = PBXFileReference; lastKnownFileType = text.plist.xml; path = Info.plist; sourceTree = "<group>"; };
		9BB0602322A20DA6006622B0 /* ResumesAPI.swift */ = {isa = PBXFileReference; lastKnownFileType = sourcecode.swift; path = ResumesAPI.swift; sourceTree = "<group>"; };
		9BB0602722A2117A006622B0 /* ResumeDataModel.swift */ = {isa = PBXFileReference; lastKnownFileType = sourcecode.swift; path = ResumeDataModel.swift; sourceTree = "<group>"; };
/* End PBXFileReference section */

/* Begin PBXFrameworksBuildPhase section */
		9BB0600B22A20CA9006622B0 /* Frameworks */ = {
			isa = PBXFrameworksBuildPhase;
			buildActionMask = 2147483647;
			files = (
			);
			runOnlyForDeploymentPostprocessing = 0;
		};
/* End PBXFrameworksBuildPhase section */

/* Begin PBXGroup section */
		9B6DDF3E22A2C99600456609 /* ViewModels */ = {
			isa = PBXGroup;
			children = (
				9B6DDF3C22A2C29800456609 /* ResumeViewModel.swift */,
				9B6DDF3F22A2C9CB00456609 /* ExperienceViewModel.swift */,
				9B6DDF4122A2E11000456609 /* SkillsViewModel.swift */,
			);
			path = ViewModels;
			sourceTree = "<group>";
		};
		9B6DDF4322A3636900456609 /* DataModels */ = {
			isa = PBXGroup;
			children = (
				9BB0602722A2117A006622B0 /* ResumeDataModel.swift */,
			);
			path = DataModels;
			sourceTree = "<group>";
		};
		9B6DDF4A22A430AD00456609 /* Helpers */ = {
			isa = PBXGroup;
			children = (
				9B6DDF4B22A430EB00456609 /* HelperFunctions.swift */,
			);
			path = Helpers;
			sourceTree = "<group>";
		};
		9BB0600522A20CA9006622B0 = {
			isa = PBXGroup;
			children = (
				9BB0601022A20CA9006622B0 /* HKBankTest */,
				9BB0600F22A20CA9006622B0 /* Products */,
			);
			sourceTree = "<group>";
		};
		9BB0600F22A20CA9006622B0 /* Products */ = {
			isa = PBXGroup;
			children = (
				9BB0600E22A20CA9006622B0 /* HKBankTest.app */,
			);
			name = Products;
			sourceTree = "<group>";
		};
		9BB0601022A20CA9006622B0 /* HKBankTest */ = {
			isa = PBXGroup;
			children = (
				9BB0601122A20CA9006622B0 /* AppDelegate.swift */,
				9BB0601322A20CA9006622B0 /* ViewController.swift */,
				9B6DDF4422A363CB00456609 /* ExperienceTableCell.swift */,
				9B6DDF4622A4195A00456609 /* ExperienceDetailController.swift */,
				9B6DDF4822A41E7300456609 /* ExperienceDetailTableCell.swift */,
				9BB0602322A20DA6006622B0 /* ResumesAPI.swift */,
				9B6DDF4322A3636900456609 /* DataModels */,
				9B6DDF3E22A2C99600456609 /* ViewModels */,
				9B6DDF4A22A430AD00456609 /* Helpers */,
				9BB0601822A20CAC006622B0 /* Assets.xcassets */,
				9BB0601A22A20CAC006622B0 /* LaunchScreen.storyboard */,
				9BB0601D22A20CAC006622B0 /* Info.plist */,
			);
			path = HKBankTest;
			sourceTree = "<group>";
		};
/* End PBXGroup section */

/* Begin PBXNativeTarget section */
		9BB0600D22A20CA9006622B0 /* HKBankTest */ = {
			isa = PBXNativeTarget;
			buildConfigurationList = 9BB0602022A20CAC006622B0 /* Build configuration list for PBXNativeTarget "HKBankTest" */;
			buildPhases = (
				9BB0600A22A20CA9006622B0 /* Sources */,
				9BB0600B22A20CA9006622B0 /* Frameworks */,
				9BB0600C22A20CA9006622B0 /* Resources */,
			);
			buildRules = (
			);
			dependencies = (
			);
			name = HKBankTest;
			productName = HKBankTest;
			productReference = 9BB0600E22A20CA9006622B0 /* HKBankTest.app */;
			productType = "com.apple.product-type.application";
		};
/* End PBXNativeTarget section */

/* Begin PBXProject section */
		9BB0600622A20CA9006622B0 /* Project object */ = {
			isa = PBXProject;
			attributes = {
				LastSwiftUpdateCheck = 1020;
				LastUpgradeCheck = 1020;
				ORGANIZATIONNAME = boqiancheng;
				TargetAttributes = {
					9BB0600D22A20CA9006622B0 = {
						CreatedOnToolsVersion = 10.2.1;
					};
				};
			};
			buildConfigurationList = 9BB0600922A20CA9006622B0 /* Build configuration list for PBXProject "HKBankTest" */;
			compatibilityVersion = "Xcode 9.3";
			developmentRegion = en;
			hasScannedForEncodings = 0;
			knownRegions = (
				en,
				Base,
			);
			mainGroup = 9BB0600522A20CA9006622B0;
			productRefGroup = 9BB0600F22A20CA9006622B0 /* Products */;
			projectDirPath = "";
			projectRoot = "";
			targets = (
				9BB0600D22A20CA9006622B0 /* HKBankTest */,
			);
		};
/* End PBXProject section */

/* Begin PBXResourcesBuildPhase section */
		9BB0600C22A20CA9006622B0 /* Resources */ = {
			isa = PBXResourcesBuildPhase;
			buildActionMask = 2147483647;
			files = (
				9BB0601C22A20CAC006622B0 /* LaunchScreen.storyboard in Resources */,
				9BB0601922A20CAC006622B0 /* Assets.xcassets in Resources */,
			);
			runOnlyForDeploymentPostprocessing = 0;
		};
/* End PBXResourcesBuildPhase section */

/* Begin PBXSourcesBuildPhase section */
		9BB0600A22A20CA9006622B0 /* Sources */ = {
			isa = PBXSourcesBuildPhase;
			buildActionMask = 2147483647;
			files = (
				9B6DDF4022A2C9CB00456609 /* ExperienceViewModel.swift in Sources */,
				9BB0602822A2117A006622B0 /* ResumeDataModel.swift in Sources */,
				9BB0602422A20DA6006622B0 /* ResumesAPI.swift in Sources */,
				9B6DDF4722A4195A00456609 /* ExperienceDetailController.swift in Sources */,
				9B6DDF3D22A2C29800456609 /* ResumeViewModel.swift in Sources */,
				9B6DDF4522A363CB00456609 /* ExperienceTableCell.swift in Sources */,
				9BB0601422A20CA9006622B0 /* ViewController.swift in Sources */,
				9B6DDF4222A2E11000456609 /* SkillsViewModel.swift in Sources */,
				9BB0601222A20CA9006622B0 /* AppDelegate.swift in Sources */,
				9B6DDF4C22A430EB00456609 /* HelperFunctions.swift in Sources */,
				9B6DDF4922A41E7300456609 /* ExperienceDetailTableCell.swift in Sources */,
			);
			runOnlyForDeploymentPostprocessing = 0;
		};
/* End PBXSourcesBuildPhase section */

/* Begin PBXVariantGroup section */
		9BB0601A22A20CAC006622B0 /* LaunchScreen.storyboard */ = {
			isa = PBXVariantGroup;
			children = (
				9BB0601B22A20CAC006622B0 /* Base */,
			);
			name = LaunchScreen.storyboard;
			sourceTree = "<group>";
		};
/* End PBXVariantGroup section */

/* Begin XCBuildConfiguration section */
		9BB0601E22A20CAC006622B0 /* Debug */ = {
			isa = XCBuildConfiguration;
			buildSettings = {
				ALWAYS_SEARCH_USER_PATHS = NO;
				CLANG_ANALYZER_NONNULL = YES;
				CLANG_ANALYZER_NUMBER_OBJECT_CONVERSION = YES_AGGRESSIVE;
				CLANG_CXX_LANGUAGE_STANDARD = "gnu++14";
				CLANG_CXX_LIBRARY = "libc++";
				CLANG_ENABLE_MODULES = YES;
				CLANG_ENABLE_OBJC_ARC = YES;
				CLANG_ENABLE_OBJC_WEAK = YES;
				CLANG_WARN_BLOCK_CAPTURE_AUTORELEASING = YES;
				CLANG_WARN_BOOL_CONVERSION = YES;
				CLANG_WARN_COMMA = YES;
				CLANG_WARN_CONSTANT_CONVERSION = YES;
				CLANG_WARN_DEPRECATED_OBJC_IMPLEMENTATIONS = YES;
				CLANG_WARN_DIRECT_OBJC_ISA_USAGE = YES_ERROR;
				CLANG_WARN_DOCUMENTATION_COMMENTS = YES;
				CLANG_WARN_EMPTY_BODY = YES;
				CLANG_WARN_ENUM_CONVERSION = YES;
				CLANG_WARN_INFINITE_RECURSION = YES;
				CLANG_WARN_INT_CONVERSION = YES;
				CLANG_WARN_NON_LITERAL_NULL_CONVERSION = YES;
				CLANG_WARN_OBJC_IMPLICIT_RETAIN_SELF = YES;
				CLANG_WARN_OBJC_LITERAL_CONVERSION = YES;
				CLANG_WARN_OBJC_ROOT_CLASS = YES_ERROR;
				CLANG_WARN_RANGE_LOOP_ANALYSIS = YES;
				CLANG_WARN_STRICT_PROTOTYPES = YES;
				CLANG_WARN_SUSPICIOUS_MOVE = YES;
				CLANG_WARN_UNGUARDED_AVAILABILITY = YES_AGGRESSIVE;
				CLANG_WARN_UNREACHABLE_CODE = YES;
				CLANG_WARN__DUPLICATE_METHOD_MATCH = YES;
				CODE_SIGN_IDENTITY = "iPhone Developer";
				COPY_PHASE_STRIP = NO;
				DEBUG_INFORMATION_FORMAT = dwarf;
				ENABLE_STRICT_OBJC_MSGSEND = YES;
				ENABLE_TESTABILITY = YES;
				GCC_C_LANGUAGE_STANDARD = gnu11;
				GCC_DYNAMIC_NO_PIC = NO;
				GCC_NO_COMMON_BLOCKS = YES;
				GCC_OPTIMIZATION_LEVEL = 0;
				GCC_PREPROCESSOR_DEFINITIONS = (
					"DEBUG=1",
					"$(inherited)",
				);
				GCC_WARN_64_TO_32_BIT_CONVERSION = YES;
				GCC_WARN_ABOUT_RETURN_TYPE = YES_ERROR;
				GCC_WARN_UNDECLARED_SELECTOR = YES;
				GCC_WARN_UNINITIALIZED_AUTOS = YES_AGGRESSIVE;
				GCC_WARN_UNUSED_FUNCTION = YES;
				GCC_WARN_UNUSED_VARIABLE = YES;
				IPHONEOS_DEPLOYMENT_TARGET = 10.1;
				MTL_ENABLE_DEBUG_INFO = INCLUDE_SOURCE;
				MTL_FAST_MATH = YES;
				ONLY_ACTIVE_ARCH = YES;
				SDKROOT = iphoneos;
				SWIFT_ACTIVE_COMPILATION_CONDITIONS = DEBUG;
				SWIFT_OPTIMIZATION_LEVEL = "-Onone";
				SWIFT_VERSION = 4.2;
			};
			name = Debug;
		};
		9BB0601F22A20CAC006622B0 /* Release */ = {
			isa = XCBuildConfiguration;
			buildSettings = {
				ALWAYS_SEARCH_USER_PATHS = NO;
				CLANG_ANALYZER_NONNULL = YES;
				CLANG_ANALYZER_NUMBER_OBJECT_CONVERSION = YES_AGGRESSIVE;
				CLANG_CXX_LANGUAGE_STANDARD = "gnu++14";
				CLANG_CXX_LIBRARY = "libc++";
				CLANG_ENABLE_MODULES = YES;
				CLANG_ENABLE_OBJC_ARC = YES;
				CLANG_ENABLE_OBJC_WEAK = YES;
				CLANG_WARN_BLOCK_CAPTURE_AUTORELEASING = YES;
				CLANG_WARN_BOOL_CONVERSION = YES;
				CLANG_WARN_COMMA = YES;
				CLANG_WARN_CONSTANT_CONVERSION = YES;
				CLANG_WARN_DEPRECATED_OBJC_IMPLEMENTATIONS = YES;
				CLANG_WARN_DIRECT_OBJC_ISA_USAGE = YES_ERROR;
				CLANG_WARN_DOCUMENTATION_COMMENTS = YES;
				CLANG_WARN_EMPTY_BODY = YES;
				CLANG_WARN_ENUM_CONVERSION = YES;
				CLANG_WARN_INFINITE_RECURSION = YES;
				CLANG_WARN_INT_CONVERSION = YES;
				CLANG_WARN_NON_LITERAL_NULL_CONVERSION = YES;
				CLANG_WARN_OBJC_IMPLICIT_RETAIN_SELF = YES;
				CLANG_WARN_OBJC_LITERAL_CONVERSION = YES;
				CLANG_WARN_OBJC_ROOT_CLASS = YES_ERROR;
				CLANG_WARN_RANGE_LOOP_ANALYSIS = YES;
				CLANG_WARN_STRICT_PROTOTYPES = YES;
				CLANG_WARN_SUSPICIOUS_MOVE = YES;
				CLANG_WARN_UNGUARDED_AVAILABILITY = YES_AGGRESSIVE;
				CLANG_WARN_UNREACHABLE_CODE = YES;
				CLANG_WARN__DUPLICATE_METHOD_MATCH = YES;
				CODE_SIGN_IDENTITY = "iPhone Developer";
				COPY_PHASE_STRIP = NO;
				DEBUG_INFORMATION_FORMAT = "dwarf-with-dsym";
				ENABLE_NS_ASSERTIONS = NO;
				ENABLE_STRICT_OBJC_MSGSEND = YES;
				GCC_C_LANGUAGE_STANDARD = gnu11;
				GCC_NO_COMMON_BLOCKS = YES;
				GCC_WARN_64_TO_32_BIT_CONVERSION = YES;
				GCC_WARN_ABOUT_RETURN_TYPE = YES_ERROR;
				GCC_WARN_UNDECLARED_SELECTOR = YES;
				GCC_WARN_UNINITIALIZED_AUTOS = YES_AGGRESSIVE;
				GCC_WARN_UNUSED_FUNCTION = YES;
				GCC_WARN_UNUSED_VARIABLE = YES;
				IPHONEOS_DEPLOYMENT_TARGET = 10.1;
				MTL_ENABLE_DEBUG_INFO = NO;
				MTL_FAST_MATH = YES;
				SDKROOT = iphoneos;
				SWIFT_COMPILATION_MODE = wholemodule;
				SWIFT_OPTIMIZATION_LEVEL = "-O";
				SWIFT_VERSION = 4.2;
				VALIDATE_PRODUCT = YES;
			};
			name = Release;
		};
		9BB0602122A20CAC006622B0 /* Debug */ = {
			isa = XCBuildConfiguration;
			buildSettings = {
				ASSETCATALOG_COMPILER_APPICON_NAME = AppIcon;
				CODE_SIGN_STYLE = Automatic;
				DEVELOPMENT_TEAM = B3L9Z83YP6;
				INFOPLIST_FILE = HKBankTest/Info.plist;
				LD_RUNPATH_SEARCH_PATHS = (
					"$(inherited)",
					"@executable_path/Frameworks",
				);
				PRODUCT_BUNDLE_IDENTIFIER = com.boqiancheng.www.HKBankTest;
				PRODUCT_NAME = "$(TARGET_NAME)";
				SWIFT_VERSION = 4.2;
				TARGETED_DEVICE_FAMILY = "1,2";
			};
			name = Debug;
		};
		9BB0602222A20CAC006622B0 /* Release */ = {
			isa = XCBuildConfiguration;
			buildSettings = {
				ASSETCATALOG_COMPILER_APPICON_NAME = AppIcon;
				CODE_SIGN_STYLE = Automatic;
				DEVELOPMENT_TEAM = B3L9Z83YP6;
				INFOPLIST_FILE = HKBankTest/Info.plist;
				LD_RUNPATH_SEARCH_PATHS = (
					"$(inherited)",
					"@executable_path/Frameworks",
				);
				PRODUCT_BUNDLE_IDENTIFIER = com.boqiancheng.www.HKBankTest;
				PRODUCT_NAME = "$(TARGET_NAME)";
				SWIFT_VERSION = 4.2;
				TARGETED_DEVICE_FAMILY = "1,2";
			};
			name = Release;
		};
/* End XCBuildConfiguration section */

/* Begin XCConfigurationList section */
		9BB0600922A20CA9006622B0 /* Build configuration list for PBXProject "HKBankTest" */ = {
			isa = XCConfigurationList;
			buildConfigurations = (
				9BB0601E22A20CAC006622B0 /* Debug */,
				9BB0601F22A20CAC006622B0 /* Release */,
			);
			defaultConfigurationIsVisible = 0;
			defaultConfigurationName = Release;
		};
		9BB0602022A20CAC006622B0 /* Build configuration list for PBXNativeTarget "HKBankTest" */ = {
			isa = XCConfigurationList;
			buildConfigurations = (
				9BB0602122A20CAC006622B0 /* Debug */,
				9BB0602222A20CAC006622B0 /* Release */,
			);
			defaultConfigurationIsVisible = 0;
			defaultConfigurationName = Release;
		};
/* End XCConfigurationList section */
	};
	rootObject = 9BB0600622A20CA9006622B0 /* Project object */;
}
